
Microsoft Visual Studio Solution File, Format Version 12.00
# Visual Studio Version 17
VisualStudioVersion = 17.0.32112.339
MinimumVisualStudioVersion = 10.0.40219.1
Project("{2150E333-8FDC-42A3-9474-1A3956D46DE8}") = "01.Client", "01.Client", "{142EEA28-3D02-41EB-9546-E8C5F76C7A79}"
EndProject
Project("{2150E333-8FDC-42A3-9474-1A3956D46DE8}") = "02.Services", "02.Services", "{3095CEBA-CEC8-4B0D-B58E-0EDD9486C33E}"
EndProject
Project("{2150E333-8FDC-42A3-9474-1A3956D46DE8}") = "03.Persistence", "03.Persistence", "{5878C606-2814-45E5-9CF6-003D9E708B19}"
EndProject
Project("{2150E333-8FDC-42A3-9474-1A3956D46DE8}") = "04.Models", "04.Models", "{19DDFD0C-6B2E-4256-BD57-02DB8E98A3BB}"
EndProject
Project("{9A19103F-16F7-4668-BE54-9A1E7A4F7556}") = "Persistence.DataBase", "Persistence.DataBase\Persistence.DataBase.csproj", "{5AF020DE-3011-466F-878D-B3A12A52C94D}"
EndProject
Project("{9A19103F-16F7-4668-BE54-9A1E7A4F7556}") = "Client.ConsoleApp", "Client.ConsoleApp\Client.ConsoleApp.csproj", "{89A78DC9-8375-4489-829F-9F89B32094C4}"
EndProject
Project("{9A19103F-16F7-4668-BE54-9A1E7A4F7556}") = "Models", "Models\Models.csproj", "{03917639-CE83-4834-A36B-B0145CFE07D0}"
EndProject
Project("{2150E333-8FDC-42A3-9474-1A3956D46DE8}") = "05.Common", "05.Common", "{C4D719F4-533F-411F-9606-788485FFEFE9}"
EndProject
Project("{9A19103F-16F7-4668-BE54-9A1E7A4F7556}") = "Common", "Common\Common.csproj", "{32D145F8-002D-4AC3-AF92-7CF880627FCE}"
EndProject
Project("{FAE04EC0-301F-11D3-BF4B-00C04F79EFBC}") = "Services", "Services\Services.csproj", "{28E3847F-BFF8-453A-ABB4-26165885AC67}"
EndProject
Global
	GlobalSection(SolutionConfigurationPlatforms) = preSolution
		Debug|Any CPU = Debug|Any CPU
		Release|Any CPU = Release|Any CPU
	EndGlobalSection
	GlobalSection(ProjectConfigurationPlatforms) = postSolution
		{5AF020DE-3011-466F-878D-B3A12A52C94D}.Debug|Any CPU.ActiveCfg = Debug|Any CPU
		{5AF020DE-3011-466F-878D-B3A12A52C94D}.Debug|Any CPU.Build.0 = Debug|Any CPU
		{5AF020DE-3011-466F-878D-B3A12A52C94D}.Release|Any CPU.ActiveCfg = Release|Any CPU
		{5AF020DE-3011-466F-878D-B3A12A52C94D}.Release|Any CPU.Build.0 = Release|Any CPU
		{89A78DC9-8375-4489-829F-9F89B32094C4}.Debug|Any CPU.ActiveCfg = Debug|Any CPU
		{89A78DC9-8375-4489-829F-9F89B32094C4}.Debug|Any CPU.Build.0 = Debug|Any CPU
		{89A78DC9-8375-4489-829F-9F89B32094C4}.Release|Any CPU.ActiveCfg = Release|Any CPU
		{89A78DC9-8375-4489-829F-9F89B32094C4}.Release|Any CPU.Build.0 = Release|Any CPU
		{03917639-CE83-4834-A36B-B0145CFE07D0}.Debug|Any CPU.ActiveCfg = Debug|Any CPU
		{03917639-CE83-4834-A36B-B0145CFE07D0}.Debug|Any CPU.Build.0 = Debug|Any CPU
		{03917639-CE83-4834-A36B-B0145CFE07D0}.Release|Any CPU.ActiveCfg = Release|Any CPU
		{03917639-CE83-4834-A36B-B0145CFE07D0}.Release|Any CPU.Build.0 = Release|Any CPU
		{32D145F8-002D-4AC3-AF92-7CF880627FCE}.Debug|Any CPU.ActiveCfg = Debug|Any CPU
		{32D145F8-002D-4AC3-AF92-7CF880627FCE}.Debug|Any CPU.Build.0 = Debug|Any CPU
		{32D145F8-002D-4AC3-AF92-7CF880627FCE}.Release|Any CPU.ActiveCfg = Release|Any CPU
		{32D145F8-002D-4AC3-AF92-7CF880627FCE}.Release|Any CPU.Build.0 = Release|Any CPU
		{28E3847F-BFF8-453A-ABB4-26165885AC67}.Debug|Any CPU.ActiveCfg = Debug|Any CPU
		{28E3847F-BFF8-453A-ABB4-26165885AC67}.Debug|Any CPU.Build.0 = Debug|Any CPU
		{28E3847F-BFF8-453A-ABB4-26165885AC67}.Release|Any CPU.ActiveCfg = Release|Any CPU
		{28E3847F-BFF8-453A-ABB4-26165885AC67}.Release|Any CPU.Build.0 = Release|Any CPU
	EndGlobalSection
	GlobalSection(SolutionProperties) = preSolution
		HideSolutionNode = FALSE
	EndGlobalSection
	GlobalSection(NestedProjects) = preSolution
		{5AF020DE-3011-466F-878D-B3A12A52C94D} = {5878C606-2814-45E5-9CF6-003D9E708B19}
		{89A78DC9-8375-4489-829F-9F89B32094C4} = {142EEA28-3D02-41EB-9546-E8C5F76C7A79}
		{03917639-CE83-4834-A36B-B0145CFE07D0} = {19DDFD0C-6B2E-4256-BD57-02DB8E98A3BB}
		{32D145F8-002D-4AC3-AF92-7CF880627FCE} = {C4D719F4-533F-411F-9606-788485FFEFE9}
		{28E3847F-BFF8-453A-ABB4-26165885AC67} = {3095CEBA-CEC8-4B0D-B58E-0EDD9486C33E}
	EndGlobalSection
	GlobalSection(ExtensibilityGlobals) = postSolution
		SolutionGuid = {62A9CFE8-731B-4C0C-B24C-58832227A594}
	EndGlobalSection
EndGlobal
